// !$*UTF8*$!
{
	archiveVersion = 1;
	classes = {
	};
	objectVersion = 56;
	objects = {

/* Begin PBXBuildFile section */
		7178D5C72CC19FA5003FAFF0 /* AppDelegate.swift in Sources */ = {isa = PBXBuildFile; fileRef = 7178D5C62CC19FA5003FAFF0 /* AppDelegate.swift */; };
		7178D5C92CC19FA5003FAFF0 /* SceneDelegate.swift in Sources */ = {isa = PBXBuildFile; fileRef = 7178D5C82CC19FA5003FAFF0 /* SceneDelegate.swift */; };
		7178D5CB2CC19FA5003FAFF0 /* PlanetViewController.swift in Sources */ = {isa = PBXBuildFile; fileRef = 7178D5CA2CC19FA5003FAFF0 /* PlanetViewController.swift */; };
		7178D5D02CC19FA7003FAFF0 /* Assets.xcassets in Resources */ = {isa = PBXBuildFile; fileRef = 7178D5CF2CC19FA7003FAFF0 /* Assets.xcassets */; };
		7178D5D32CC19FA7003FAFF0 /* LaunchScreen.storyboard in Resources */ = {isa = PBXBuildFile; fileRef = 7178D5D12CC19FA7003FAFF0 /* LaunchScreen.storyboard */; };
		7178D5DB2CC1A15D003FAFF0 /* PlanetModel.swift in Sources */ = {isa = PBXBuildFile; fileRef = 7178D5DA2CC1A15D003FAFF0 /* PlanetModel.swift */; };
		7178D5DD2CC1A49A003FAFF0 /* PlanetViewController-TableView.swift in Sources */ = {isa = PBXBuildFile; fileRef = 7178D5DC2CC1A49A003FAFF0 /* PlanetViewController-TableView.swift */; };
		7178D5DF2CC1A690003FAFF0 /* PlanetTableViewCell.swift in Sources */ = {isa = PBXBuildFile; fileRef = 7178D5DE2CC1A690003FAFF0 /* PlanetTableViewCell.swift */; };
		7178D5E12CC1B68F003FAFF0 /* Extensions.swift in Sources */ = {isa = PBXBuildFile; fileRef = 7178D5E02CC1B68F003FAFF0 /* Extensions.swift */; };
		7178D5E32CC1BEC3003FAFF0 /* PlanetDetailViewController.swift in Sources */ = {isa = PBXBuildFile; fileRef = 7178D5E22CC1BEC3003FAFF0 /* PlanetDetailViewController.swift */; };
/* End PBXBuildFile section */

/* Begin PBXFileReference section */
		7133A49A2CC5A53F00A6ACA8 /* .gitignore.md */ = {isa = PBXFileReference; lastKnownFileType = net.daringfireball.markdown; path = .gitignore.md; sourceTree = "<group>"; };
		7178D5C32CC19FA5003FAFF0 /* Planets.app */ = {isa = PBXFileReference; explicitFileType = wrapper.application; includeInIndex = 0; path = Planets.app; sourceTree = BUILT_PRODUCTS_DIR; };
		7178D5C62CC19FA5003FAFF0 /* AppDelegate.swift */ = {isa = PBXFileReference; lastKnownFileType = sourcecode.swift; path = AppDelegate.swift; sourceTree = "<group>"; };
		7178D5C82CC19FA5003FAFF0 /* SceneDelegate.swift */ = {isa = PBXFileReference; lastKnownFileType = sourcecode.swift; path = SceneDelegate.swift; sourceTree = "<group>"; };
		7178D5CA2CC19FA5003FAFF0 /* PlanetViewController.swift */ = {isa = PBXFileReference; lastKnownFileType = sourcecode.swift; path = PlanetViewController.swift; sourceTree = "<group>"; };
		7178D5CF2CC19FA7003FAFF0 /* Assets.xcassets */ = {isa = PBXFileReference; lastKnownFileType = folder.assetcatalog; path = Assets.xcassets; sourceTree = "<group>"; };
		7178D5D22CC19FA7003FAFF0 /* Base */ = {isa = PBXFileReference; lastKnownFileType = file.storyboard; name = Base; path = Base.lproj/LaunchScreen.storyboard; sourceTree = "<group>"; };
		7178D5D42CC19FA7003FAFF0 /* Info.plist */ = {isa = PBXFileReference; lastKnownFileType = text.plist.xml; path = Info.plist; sourceTree = "<group>"; };
		7178D5DA2CC1A15D003FAFF0 /* PlanetModel.swift */ = {isa = PBXFileReference; lastKnownFileType = sourcecode.swift; path = PlanetModel.swift; sourceTree = "<group>"; };
		7178D5DC2CC1A49A003FAFF0 /* PlanetViewController-TableView.swift */ = {isa = PBXFileReference; lastKnownFileType = sourcecode.swift; path = "PlanetViewController-TableView.swift"; sourceTree = "<group>"; };
		7178D5DE2CC1A690003FAFF0 /* PlanetTableViewCell.swift */ = {isa = PBXFileReference; lastKnownFileType = sourcecode.swift; path = PlanetTableViewCell.swift; sourceTree = "<group>"; };
		7178D5E02CC1B68F003FAFF0 /* Extensions.swift */ = {isa = PBXFileReference; lastKnownFileType = sourcecode.swift; path = Extensions.swift; sourceTree = "<group>"; };
		7178D5E22CC1BEC3003FAFF0 /* PlanetDetailViewController.swift */ = {isa = PBXFileReference; lastKnownFileType = sourcecode.swift; path = PlanetDetailViewController.swift; sourceTree = "<group>"; };
/* End PBXFileReference section */

/* Begin PBXFrameworksBuildPhase section */
		7178D5C02CC19FA5003FAFF0 /* Frameworks */ = {
			isa = PBXFrameworksBuildPhase;
			buildActionMask = 2147483647;
			files = (
			);
			runOnlyForDeploymentPostprocessing = 0;
		};
/* End PBXFrameworksBuildPhase section */

/* Begin PBXGroup section */
		7178D5BA2CC19FA5003FAFF0 = {
			isa = PBXGroup;
			children = (
				7178D5C52CC19FA5003FAFF0 /* Planets */,
				7178D5C42CC19FA5003FAFF0 /* Products */,
			);
			sourceTree = "<group>";
		};
		7178D5C42CC19FA5003FAFF0 /* Products */ = {
			isa = PBXGroup;
			children = (
				7178D5C32CC19FA5003FAFF0 /* Planets.app */,
			);
			name = Products;
			sourceTree = "<group>";
		};
		7178D5C52CC19FA5003FAFF0 /* Planets */ = {
			isa = PBXGroup;
			children = (
				7178D5C62CC19FA5003FAFF0 /* AppDelegate.swift */,
				7178D5C82CC19FA5003FAFF0 /* SceneDelegate.swift */,
				7178D5CA2CC19FA5003FAFF0 /* PlanetViewController.swift */,
				7178D5DC2CC1A49A003FAFF0 /* PlanetViewController-TableView.swift */,
				7178D5E02CC1B68F003FAFF0 /* Extensions.swift */,
				7133A49A2CC5A53F00A6ACA8 /* .gitignore.md */,
				7178D5DE2CC1A690003FAFF0 /* PlanetTableViewCell.swift */,
				7178D5DA2CC1A15D003FAFF0 /* PlanetModel.swift */,
				7178D5E22CC1BEC3003FAFF0 /* PlanetDetailViewController.swift */,
				7178D5CF2CC19FA7003FAFF0 /* Assets.xcassets */,
				7178D5D12CC19FA7003FAFF0 /* LaunchScreen.storyboard */,
				7178D5D42CC19FA7003FAFF0 /* Info.plist */,
			);
			path = Planets;
			sourceTree = "<group>";
		};
/* End PBXGroup section */

/* Begin PBXNativeTarget section */
		7178D5C22CC19FA5003FAFF0 /* Planets */ = {
			isa = PBXNativeTarget;
			buildConfigurationList = 7178D5D72CC19FA7003FAFF0 /* Build configuration list for PBXNativeTarget "Planets" */;
			buildPhases = (
				7178D5BF2CC19FA5003FAFF0 /* Sources */,
				7178D5C02CC19FA5003FAFF0 /* Frameworks */,
				7178D5C12CC19FA5003FAFF0 /* Resources */,
			);
			buildRules = (
			);
			dependencies = (
			);
			name = Planets;
			productName = Planets;
			productReference = 7178D5C32CC19FA5003FAFF0 /* Planets.app */;
			productType = "com.apple.product-type.application";
		};
/* End PBXNativeTarget section */

/* Begin PBXProject section */
		7178D5BB2CC19FA5003FAFF0 /* Project object */ = {
			isa = PBXProject;
			attributes = {
				BuildIndependentTargetsInParallel = 1;
				LastSwiftUpdateCheck = 1420;
				LastUpgradeCheck = 1420;
				TargetAttributes = {
					7178D5C22CC19FA5003FAFF0 = {
						CreatedOnToolsVersion = 14.2;
					};
				};
			};
			buildConfigurationList = 7178D5BE2CC19FA5003FAFF0 /* Build configuration list for PBXProject "Planets" */;
			compatibilityVersion = "Xcode 14.0";
			developmentRegion = en;
			hasScannedForEncodings = 0;
			knownRegions = (
				en,
				Base,
			);
			mainGroup = 7178D5BA2CC19FA5003FAFF0;
			productRefGroup = 7178D5C42CC19FA5003FAFF0 /* Products */;
			projectDirPath = "";
			projectRoot = "";
			targets = (
				7178D5C22CC19FA5003FAFF0 /* Planets */,
			);
		};
/* End PBXProject section */

/* Begin PBXResourcesBuildPhase section */
		7178D5C12CC19FA5003FAFF0 /* Resources */ = {
			isa = PBXResourcesBuildPhase;
			buildActionMask = 2147483647;
			files = (
				7178D5D32CC19FA7003FAFF0 /* LaunchScreen.storyboard in Resources */,
				7178D5D02CC19FA7003FAFF0 /* Assets.xcassets in Resources */,
			);
			runOnlyForDeploymentPostprocessing = 0;
		};
/* End PBXResourcesBuildPhase section */

/* Begin PBXSourcesBuildPhase section */
		7178D5BF2CC19FA5003FAFF0 /* Sources */ = {
			isa = PBXSourcesBuildPhase;
			buildActionMask = 2147483647;
			files = (
				7178D5CB2CC19FA5003FAFF0 /* PlanetViewController.swift in Sources */,
				7178D5DB2CC1A15D003FAFF0 /* PlanetModel.swift in Sources */,
				7178D5E32CC1BEC3003FAFF0 /* PlanetDetailViewController.swift in Sources */,
				7178D5DD2CC1A49A003FAFF0 /* PlanetViewController-TableView.swift in Sources */,
				7178D5C72CC19FA5003FAFF0 /* AppDelegate.swift in Sources */,
				7178D5C92CC19FA5003FAFF0 /* SceneDelegate.swift in Sources */,
				7178D5DF2CC1A690003FAFF0 /* PlanetTableViewCell.swift in Sources */,
				7178D5E12CC1B68F003FAFF0 /* Extensions.swift in Sources */,
			);
			runOnlyForDeploymentPostprocessing = 0;
		};
/* End PBXSourcesBuildPhase section */

/* Begin PBXVariantGroup section */
		7178D5D12CC19FA7003FAFF0 /* LaunchScreen.storyboard */ = {
			isa = PBXVariantGroup;
			children = (
				7178D5D22CC19FA7003FAFF0 /* Base */,
			);
			name = LaunchScreen.storyboard;
			sourceTree = "<group>";
		};
/* End PBXVariantGroup section */

/* Begin XCBuildConfiguration section */
		7178D5D52CC19FA7003FAFF0 /* Debug */ = {
			isa = XCBuildConfiguration;
			buildSettings = {
				ALWAYS_SEARCH_USER_PATHS = NO;
				CLANG_ANALYZER_NONNULL = YES;
				CLANG_ANALYZER_NUMBER_OBJECT_CONVERSION = YES_AGGRESSIVE;
				CLANG_CXX_LANGUAGE_STANDARD = "gnu++20";
				CLANG_ENABLE_MODULES = YES;
				CLANG_ENABLE_OBJC_ARC = YES;
				CLANG_ENABLE_OBJC_WEAK = YES;
				CLANG_WARN_BLOCK_CAPTURE_AUTORELEASING = YES;
				CLANG_WARN_BOOL_CONVERSION = YES;
				CLANG_WARN_COMMA = YES;
				CLANG_WARN_CONSTANT_CONVERSION = YES;
				CLANG_WARN_DEPRECATED_OBJC_IMPLEMENTATIONS = YES;
				CLANG_WARN_DIRECT_OBJC_ISA_USAGE = YES_ERROR;
				CLANG_WARN_DOCUMENTATION_COMMENTS = YES;
				CLANG_WARN_EMPTY_BODY = YES;
				CLANG_WARN_ENUM_CONVERSION = YES;
				CLANG_WARN_INFINITE_RECURSION = YES;
				CLANG_WARN_INT_CONVERSION = YES;
				CLANG_WARN_NON_LITERAL_NULL_CONVERSION = YES;
				CLANG_WARN_OBJC_IMPLICIT_RETAIN_SELF = YES;
				CLANG_WARN_OBJC_LITERAL_CONVERSION = YES;
				CLANG_WARN_OBJC_ROOT_CLASS = YES_ERROR;
				CLANG_WARN_QUOTED_INCLUDE_IN_FRAMEWORK_HEADER = YES;
				CLANG_WARN_RANGE_LOOP_ANALYSIS = YES;
				CLANG_WARN_STRICT_PROTOTYPES = YES;
				CLANG_WARN_SUSPICIOUS_MOVE = YES;
				CLANG_WARN_UNGUARDED_AVAILABILITY = YES_AGGRESSIVE;
				CLANG_WARN_UNREACHABLE_CODE = YES;
				CLANG_WARN__DUPLICATE_METHOD_MATCH = YES;
				COPY_PHASE_STRIP = NO;
				DEBUG_INFORMATION_FORMAT = dwarf;
				ENABLE_STRICT_OBJC_MSGSEND = YES;
				ENABLE_TESTABILITY = YES;
				GCC_C_LANGUAGE_STANDARD = gnu11;
				GCC_DYNAMIC_NO_PIC = NO;
				GCC_NO_COMMON_BLOCKS = YES;
				GCC_OPTIMIZATION_LEVEL = 0;
				GCC_PREPROCESSOR_DEFINITIONS = (
					"DEBUG=1",
					"$(inherited)",
				);
				GCC_WARN_64_TO_32_BIT_CONVERSION = YES;
				GCC_WARN_ABOUT_RETURN_TYPE = YES_ERROR;
				GCC_WARN_UNDECLARED_SELECTOR = YES;
				GCC_WARN_UNINITIALIZED_AUTOS = YES_AGGRESSIVE;
				GCC_WARN_UNUSED_FUNCTION = YES;
				GCC_WARN_UNUSED_VARIABLE = YES;
				IPHONEOS_DEPLOYMENT_TARGET = 16.2;
				MTL_ENABLE_DEBUG_INFO = INCLUDE_SOURCE;
				MTL_FAST_MATH = YES;
				ONLY_ACTIVE_ARCH = YES;
				SDKROOT = iphoneos;
				SWIFT_ACTIVE_COMPILATION_CONDITIONS = DEBUG;
				SWIFT_OPTIMIZATION_LEVEL = "-Onone";
			};
			name = Debug;
		};
		7178D5D62CC19FA7003FAFF0 /* Release */ = {
			isa = XCBuildConfiguration;
			buildSettings = {
				ALWAYS_SEARCH_USER_PATHS = NO;
				CLANG_ANALYZER_NONNULL = YES;
				CLANG_ANALYZER_NUMBER_OBJECT_CONVERSION = YES_AGGRESSIVE;
				CLANG_CXX_LANGUAGE_STANDARD = "gnu++20";
				CLANG_ENABLE_MODULES = YES;
				CLANG_ENABLE_OBJC_ARC = YES;
				CLANG_ENABLE_OBJC_WEAK = YES;
				CLANG_WARN_BLOCK_CAPTURE_AUTORELEASING = YES;
				CLANG_WARN_BOOL_CONVERSION = YES;
				CLANG_WARN_COMMA = YES;
				CLANG_WARN_CONSTANT_CONVERSION = YES;
				CLANG_WARN_DEPRECATED_OBJC_IMPLEMENTATIONS = YES;
				CLANG_WARN_DIRECT_OBJC_ISA_USAGE = YES_ERROR;
				CLANG_WARN_DOCUMENTATION_COMMENTS = YES;
				CLANG_WARN_EMPTY_BODY = YES;
				CLANG_WARN_ENUM_CONVERSION = YES;
				CLANG_WARN_INFINITE_RECURSION = YES;
				CLANG_WARN_INT_CONVERSION = YES;
				CLANG_WARN_NON_LITERAL_NULL_CONVERSION = YES;
				CLANG_WARN_OBJC_IMPLICIT_RETAIN_SELF = YES;
				CLANG_WARN_OBJC_LITERAL_CONVERSION = YES;
				CLANG_WARN_OBJC_ROOT_CLASS = YES_ERROR;
				CLANG_WARN_QUOTED_INCLUDE_IN_FRAMEWORK_HEADER = YES;
				CLANG_WARN_RANGE_LOOP_ANALYSIS = YES;
				CLANG_WARN_STRICT_PROTOTYPES = YES;
				CLANG_WARN_SUSPICIOUS_MOVE = YES;
				CLANG_WARN_UNGUARDED_AVAILABILITY = YES_AGGRESSIVE;
				CLANG_WARN_UNREACHABLE_CODE = YES;
				CLANG_WARN__DUPLICATE_METHOD_MATCH = YES;
				COPY_PHASE_STRIP = NO;
				DEBUG_INFORMATION_FORMAT = "dwarf-with-dsym";
				ENABLE_NS_ASSERTIONS = NO;
				ENABLE_STRICT_OBJC_MSGSEND = YES;
				GCC_C_LANGUAGE_STANDARD = gnu11;
				GCC_NO_COMMON_BLOCKS = YES;
				GCC_WARN_64_TO_32_BIT_CONVERSION = YES;
				GCC_WARN_ABOUT_RETURN_TYPE = YES_ERROR;
				GCC_WARN_UNDECLARED_SELECTOR = YES;
				GCC_WARN_UNINITIALIZED_AUTOS = YES_AGGRESSIVE;
				GCC_WARN_UNUSED_FUNCTION = YES;
				GCC_WARN_UNUSED_VARIABLE = YES;
				IPHONEOS_DEPLOYMENT_TARGET = 16.2;
				MTL_ENABLE_DEBUG_INFO = NO;
				MTL_FAST_MATH = YES;
				SDKROOT = iphoneos;
				SWIFT_COMPILATION_MODE = wholemodule;
				SWIFT_OPTIMIZATION_LEVEL = "-O";
				VALIDATE_PRODUCT = YES;
			};
			name = Release;
		};
		7178D5D82CC19FA7003FAFF0 /* Debug */ = {
			isa = XCBuildConfiguration;
			buildSettings = {
				ASSETCATALOG_COMPILER_APPICON_NAME = AppIcon;
				ASSETCATALOG_COMPILER_GLOBAL_ACCENT_COLOR_NAME = AccentColor;
				CODE_SIGN_STYLE = Automatic;
				CURRENT_PROJECT_VERSION = 1;
				DEVELOPMENT_TEAM = UHU85YNQW2;
				GENERATE_INFOPLIST_FILE = YES;
				INFOPLIST_FILE = Planets/Info.plist;
				INFOPLIST_KEY_UIApplicationSupportsIndirectInputEvents = YES;
				INFOPLIST_KEY_UILaunchStoryboardName = LaunchScreen;
				INFOPLIST_KEY_UISupportedInterfaceOrientations_iPad = "UIInterfaceOrientationPortrait UIInterfaceOrientationPortraitUpsideDown UIInterfaceOrientationLandscapeLeft UIInterfaceOrientationLandscapeRight";
				INFOPLIST_KEY_UISupportedInterfaceOrientations_iPhone = "UIInterfaceOrientationPortrait UIInterfaceOrientationLandscapeLeft UIInterfaceOrientationLandscapeRight";
				LD_RUNPATH_SEARCH_PATHS = (
					"$(inherited)",
					"@executable_path/Frameworks",
				);
				MARKETING_VERSION = 1.0;
				PRODUCT_BUNDLE_IDENTIFIER = gakhoka.Planets;
				PRODUCT_NAME = "$(TARGET_NAME)";
				SWIFT_EMIT_LOC_STRINGS = YES;
				SWIFT_VERSION = 5.0;
				TARGETED_DEVICE_FAMILY = "1,2";
			};
			name = Debug;
		};
		7178D5D92CC19FA7003FAFF0 /* Release */ = {
			isa = XCBuildConfiguration;
			buildSettings = {
				ASSETCATALOG_COMPILER_APPICON_NAME = AppIcon;
				ASSETCATALOG_COMPILER_GLOBAL_ACCENT_COLOR_NAME = AccentColor;
				CODE_SIGN_STYLE = Automatic;
				CURRENT_PROJECT_VERSION = 1;
				DEVELOPMENT_TEAM = UHU85YNQW2;
				GENERATE_INFOPLIST_FILE = YES;
				INFOPLIST_FILE = Planets/Info.plist;
				INFOPLIST_KEY_UIApplicationSupportsIndirectInputEvents = YES;
				INFOPLIST_KEY_UILaunchStoryboardName = LaunchScreen;
				INFOPLIST_KEY_UISupportedInterfaceOrientations_iPad = "UIInterfaceOrientationPortrait UIInterfaceOrientationPortraitUpsideDown UIInterfaceOrientationLandscapeLeft UIInterfaceOrientationLandscapeRight";
				INFOPLIST_KEY_UISupportedInterfaceOrientations_iPhone = "UIInterfaceOrientationPortrait UIInterfaceOrientationLandscapeLeft UIInterfaceOrientationLandscapeRight";
				LD_RUNPATH_SEARCH_PATHS = (
					"$(inherited)",
					"@executable_path/Frameworks",
				);
				MARKETING_VERSION = 1.0;
				PRODUCT_BUNDLE_IDENTIFIER = gakhoka.Planets;
				PRODUCT_NAME = "$(TARGET_NAME)";
				SWIFT_EMIT_LOC_STRINGS = YES;
				SWIFT_VERSION = 5.0;
				TARGETED_DEVICE_FAMILY = "1,2";
			};
			name = Release;
		};
/* End XCBuildConfiguration section */

/* Begin XCConfigurationList section */
		7178D5BE2CC19FA5003FAFF0 /* Build configuration list for PBXProject "Planets" */ = {
			isa = XCConfigurationList;
			buildConfigurations = (
				7178D5D52CC19FA7003FAFF0 /* Debug */,
				7178D5D62CC19FA7003FAFF0 /* Release */,
			);
			defaultConfigurationIsVisible = 0;
			defaultConfigurationName = Release;
		};
		7178D5D72CC19FA7003FAFF0 /* Build configuration list for PBXNativeTarget "Planets" */ = {
			isa = XCConfigurationList;
			buildConfigurations = (
				7178D5D82CC19FA7003FAFF0 /* Debug */,
				7178D5D92CC19FA7003FAFF0 /* Release */,
			);
			defaultConfigurationIsVisible = 0;
			defaultConfigurationName = Release;
		};
/* End XCConfigurationList section */
	};
	rootObject = 7178D5BB2CC19FA5003FAFF0 /* Project object */;
}
